{
    "_readme": [
        "This file locks the dependencies of your project to a known state",
        "Read more about it at https://getcomposer.org/doc/01-basic-usage.md#installing-dependencies",
        "This file is @generated automatically"
    ],
    "content-hash": "3c8d1141e09e94deddd0772d2641ef63",
    "packages": [
        {
            "name": "deviscoding/base",
            "version": "2.0.3",
            "source": {
                "type": "git",
                "url": "https://github.com/deviscoding/base.git",
                "reference": "e5ea652de177b8316044842cd76c4b4bdd2478f1"
            },
            "dist": {
                "type": "zip",
                "url": "https://api.github.com/repos/deviscoding/base/zipball/e5ea652de177b8316044842cd76c4b4bdd2478f1",
                "reference": "e5ea652de177b8316044842cd76c4b4bdd2478f1",
                "shasum": ""
            },
            "replace": {
                "strapless/base": "^2.0"
            },
            "type": "library",
            "notification-url": "https://packagist.org/downloads/",
            "license": [
                "MIT"
            ],
            "authors": [
                {
                    "name": "Aaron M Jones",
                    "homepage": "http://www.jonesiscoding.com"
                }
            ],
            "description": "SASS Functions & mixins for managing variables within various SASS components.",
            "homepage": "https://www.github.com/deviscoding/base",
            "keywords": [
                "css",
                "maps",
                "sass",
                "scss",
                "strapless",
                "variables"
            ],
            "support": {
                "issues": "https://github.com/deviscoding/base/issues",
                "source": "https://github.com/deviscoding/base/tree/master"
            },
            "time": "2018-06-20T12:44:34+00:00"
        },
        {
            "name": "deviscoding/colors",
            "version": "1.0.10",
            "source": {
                "type": "git",
                "url": "https://github.com/deviscoding/colors.git",
                "reference": "d270a9c454931436ecaec6584d366e67eb2cf2a0"
            },
            "dist": {
                "type": "zip",
                "url": "https://api.github.com/repos/deviscoding/colors/zipball/d270a9c454931436ecaec6584d366e67eb2cf2a0",
                "reference": "d270a9c454931436ecaec6584d366e67eb2cf2a0",
                "shasum": ""
            },
            "replace": {
                "strapless/colors": "^1.0"
            },
            "type": "library",
            "notification-url": "https://packagist.org/downloads/",
            "license": [
                "MIT"
            ],
            "authors": [
                {
                    "name": "Aaron M Jones",
                    "homepage": "http://www.jonesiscoding.com"
                }
            ],
            "description": "SASS color functions, maps and CSS used in DevIsCoding components.  Can also be used quite effectively in any SASS where one desires an easy way to manage colors.",
            "homepage": "https://www.github.com/deviscoding/colors",
            "keywords": [
                "color",
                "map",
                "sass",
                "scss",
                "strapless"
            ],
            "support": {
                "issues": "https://github.com/deviscoding/colors/issues",
                "source": "https://github.com/deviscoding/colors/tree/v1.0.10"
            },
            "time": "2022-06-03T17:15:19+00:00"
        }
    ],
    "packages-dev": [],
    "aliases": [],
    "minimum-stability": "stable",
    "stability-flags": [],
    "prefer-stable": false,
    "prefer-lowest": false,
    "platform": [],
    "platform-dev": [],
    "plugin-api-version": "2.3.0"
}
